// !$*UTF8*$!
{
	archiveVersion = 1;
	classes = {
	};
	objectVersion = 55;
	objects = {

/* Begin PBXBuildFile section */
		1CC3C7D32730F9D40039135A /* Realm in Frameworks */ = {isa = PBXBuildFile; productRef = 1CC3C7D22730F9D40039135A /* Realm */; };
		1CC3C7D52730F9D40039135A /* RealmSwift in Frameworks */ = {isa = PBXBuildFile; productRef = 1CC3C7D42730F9D40039135A /* RealmSwift */; };
		1CD088F3272E511D0073ACCE /* AppDelegate.swift in Sources */ = {isa = PBXBuildFile; fileRef = 1CD088F2272E511D0073ACCE /* AppDelegate.swift */; };
		1CD088F5272E511D0073ACCE /* SceneDelegate.swift in Sources */ = {isa = PBXBuildFile; fileRef = 1CD088F4272E511D0073ACCE /* SceneDelegate.swift */; };
		1CD088F7272E511D0073ACCE /* BoxOfficeViewController.swift in Sources */ = {isa = PBXBuildFile; fileRef = 1CD088F6272E511D0073ACCE /* BoxOfficeViewController.swift */; };
		1CD088FA272E511D0073ACCE /* Main.storyboard in Resources */ = {isa = PBXBuildFile; fileRef = 1CD088F8272E511D0073ACCE /* Main.storyboard */; };
		1CD088FC272E511E0073ACCE /* Assets.xcassets in Resources */ = {isa = PBXBuildFile; fileRef = 1CD088FB272E511E0073ACCE /* Assets.xcassets */; };
		1CD088FF272E511E0073ACCE /* LaunchScreen.storyboard in Resources */ = {isa = PBXBuildFile; fileRef = 1CD088FD272E511E0073ACCE /* LaunchScreen.storyboard */; };
		1CD08907272E59420073ACCE /* BoxOfficeTableViewCell.swift in Sources */ = {isa = PBXBuildFile; fileRef = 1CD08906272E59420073ACCE /* BoxOfficeTableViewCell.swift */; };
		1CD08909272E5AC70073ACCE /* UILabel++Designable.swift in Sources */ = {isa = PBXBuildFile; fileRef = 1CD08908272E5AC70073ACCE /* UILabel++Designable.swift */; };
		1CD0890C272E5C5E0073ACCE /* SwiftyJSON in Frameworks */ = {isa = PBXBuildFile; productRef = 1CD0890B272E5C5E0073ACCE /* SwiftyJSON */; };
		1CD0890F272E5C690073ACCE /* Alamofire in Frameworks */ = {isa = PBXBuildFile; productRef = 1CD0890E272E5C690073ACCE /* Alamofire */; };
		1CD08911272E5EFF0073ACCE /* TextField++Extension.swift in Sources */ = {isa = PBXBuildFile; fileRef = 1CD08910272E5EFE0073ACCE /* TextField++Extension.swift */; };
		1CD08913272E5FCB0073ACCE /* CALayer++Extension.swift in Sources */ = {isa = PBXBuildFile; fileRef = 1CD08912272E5FCB0073ACCE /* CALayer++Extension.swift */; };
		1CD0891B272E61560073ACCE /* APIKEY.plist in Resources */ = {isa = PBXBuildFile; fileRef = 1CD0891A272E61560073ACCE /* APIKEY.plist */; };
		1CD0891E272E61CB0073ACCE /* Bundle++Extension.swift in Sources */ = {isa = PBXBuildFile; fileRef = 1CD0891D272E61CB0073ACCE /* Bundle++Extension.swift */; };
		1CD08920272E61FB0073ACCE /* APIService.swift in Sources */ = {isa = PBXBuildFile; fileRef = 1CD0891F272E61FB0073ACCE /* APIService.swift */; };
		1CD08922272E68350073ACCE /* UIAlert++Extension.swift in Sources */ = {isa = PBXBuildFile; fileRef = 1CD08921272E68350073ACCE /* UIAlert++Extension.swift */; };
		1CD08924272E6A0B0073ACCE /* DateFormatter++Extensoin.swift in Sources */ = {isa = PBXBuildFile; fileRef = 1CD08923272E6A0B0073ACCE /* DateFormatter++Extensoin.swift */; };
		1CD08927272E73040073ACCE /* Movie.swift in Sources */ = {isa = PBXBuildFile; fileRef = 1CD08926272E73040073ACCE /* Movie.swift */; };
		1CD0892A272E82870073ACCE /* JGProgressHUD in Frameworks */ = {isa = PBXBuildFile; productRef = 1CD08929272E82870073ACCE /* JGProgressHUD */; };
/* End PBXBuildFile section */

/* Begin PBXFileReference section */
		1CD088EF272E511D0073ACCE /* FilmConcilBoxOfficeInfo.app */ = {isa = PBXFileReference; explicitFileType = wrapper.application; includeInIndex = 0; path = FilmConcilBoxOfficeInfo.app; sourceTree = BUILT_PRODUCTS_DIR; };
		1CD088F2272E511D0073ACCE /* AppDelegate.swift */ = {isa = PBXFileReference; lastKnownFileType = sourcecode.swift; path = AppDelegate.swift; sourceTree = "<group>"; };
		1CD088F4272E511D0073ACCE /* SceneDelegate.swift */ = {isa = PBXFileReference; lastKnownFileType = sourcecode.swift; path = SceneDelegate.swift; sourceTree = "<group>"; };
		1CD088F6272E511D0073ACCE /* BoxOfficeViewController.swift */ = {isa = PBXFileReference; lastKnownFileType = sourcecode.swift; path = BoxOfficeViewController.swift; sourceTree = "<group>"; };
		1CD088F9272E511D0073ACCE /* Base */ = {isa = PBXFileReference; lastKnownFileType = file.storyboard; name = Base; path = Base.lproj/Main.storyboard; sourceTree = "<group>"; };
		1CD088FB272E511E0073ACCE /* Assets.xcassets */ = {isa = PBXFileReference; lastKnownFileType = folder.assetcatalog; path = Assets.xcassets; sourceTree = "<group>"; };
		1CD088FE272E511E0073ACCE /* Base */ = {isa = PBXFileReference; lastKnownFileType = file.storyboard; name = Base; path = Base.lproj/LaunchScreen.storyboard; sourceTree = "<group>"; };
		1CD08900272E511E0073ACCE /* Info.plist */ = {isa = PBXFileReference; lastKnownFileType = text.plist.xml; path = Info.plist; sourceTree = "<group>"; };
		1CD08906272E59420073ACCE /* BoxOfficeTableViewCell.swift */ = {isa = PBXFileReference; lastKnownFileType = sourcecode.swift; path = BoxOfficeTableViewCell.swift; sourceTree = "<group>"; };
		1CD08908272E5AC70073ACCE /* UILabel++Designable.swift */ = {isa = PBXFileReference; lastKnownFileType = sourcecode.swift; path = "UILabel++Designable.swift"; sourceTree = "<group>"; };
		1CD08910272E5EFE0073ACCE /* TextField++Extension.swift */ = {isa = PBXFileReference; lastKnownFileType = sourcecode.swift; path = "TextField++Extension.swift"; sourceTree = "<group>"; };
		1CD08912272E5FCB0073ACCE /* CALayer++Extension.swift */ = {isa = PBXFileReference; lastKnownFileType = sourcecode.swift; path = "CALayer++Extension.swift"; sourceTree = "<group>"; };
		1CD0891A272E61560073ACCE /* APIKEY.plist */ = {isa = PBXFileReference; lastKnownFileType = text.plist.xml; path = APIKEY.plist; sourceTree = "<group>"; };
		1CD0891D272E61CB0073ACCE /* Bundle++Extension.swift */ = {isa = PBXFileReference; lastKnownFileType = sourcecode.swift; path = "Bundle++Extension.swift"; sourceTree = "<group>"; };
		1CD0891F272E61FB0073ACCE /* APIService.swift */ = {isa = PBXFileReference; lastKnownFileType = sourcecode.swift; path = APIService.swift; sourceTree = "<group>"; };
		1CD08921272E68350073ACCE /* UIAlert++Extension.swift */ = {isa = PBXFileReference; lastKnownFileType = sourcecode.swift; path = "UIAlert++Extension.swift"; sourceTree = "<group>"; };
		1CD08923272E6A0B0073ACCE /* DateFormatter++Extensoin.swift */ = {isa = PBXFileReference; lastKnownFileType = sourcecode.swift; path = "DateFormatter++Extensoin.swift"; sourceTree = "<group>"; };
		1CD08926272E73040073ACCE /* Movie.swift */ = {isa = PBXFileReference; lastKnownFileType = sourcecode.swift; path = Movie.swift; sourceTree = "<group>"; };
/* End PBXFileReference section */

/* Begin PBXFrameworksBuildPhase section */
		1CD088EC272E511D0073ACCE /* Frameworks */ = {
			isa = PBXFrameworksBuildPhase;
			buildActionMask = 2147483647;
			files = (
				1CD0890C272E5C5E0073ACCE /* SwiftyJSON in Frameworks */,
				1CD0892A272E82870073ACCE /* JGProgressHUD in Frameworks */,
				1CC3C7D32730F9D40039135A /* Realm in Frameworks */,
				1CC3C7D52730F9D40039135A /* RealmSwift in Frameworks */,
				1CD0890F272E5C690073ACCE /* Alamofire in Frameworks */,
			);
			runOnlyForDeploymentPostprocessing = 0;
		};
/* End PBXFrameworksBuildPhase section */

/* Begin PBXGroup section */
		1CD088E6272E511D0073ACCE = {
			isa = PBXGroup;
			children = (
				1CD088F1272E511D0073ACCE /* FilmConcilBoxOfficeInfo */,
				1CD088F0272E511D0073ACCE /* Products */,
			);
			sourceTree = "<group>";
		};
		1CD088F0272E511D0073ACCE /* Products */ = {
			isa = PBXGroup;
			children = (
				1CD088EF272E511D0073ACCE /* FilmConcilBoxOfficeInfo.app */,
			);
			name = Products;
			sourceTree = "<group>";
		};
		1CD088F1272E511D0073ACCE /* FilmConcilBoxOfficeInfo */ = {
			isa = PBXGroup;
			children = (
				1CD08916272E604B0073ACCE /* Resources */,
				1CD08915272E60420073ACCE /* Sources */,
				1CD08919272E61430073ACCE /* Supporting Files */,
			);
			path = FilmConcilBoxOfficeInfo;
			sourceTree = "<group>";
		};
		1CD08914272E60090073ACCE /* Extensions */ = {
			isa = PBXGroup;
			children = (
				1CD0891D272E61CB0073ACCE /* Bundle++Extension.swift */,
				1CD08910272E5EFE0073ACCE /* TextField++Extension.swift */,
				1CD08912272E5FCB0073ACCE /* CALayer++Extension.swift */,
				1CD08908272E5AC70073ACCE /* UILabel++Designable.swift */,
				1CD08921272E68350073ACCE /* UIAlert++Extension.swift */,
				1CD08923272E6A0B0073ACCE /* DateFormatter++Extensoin.swift */,
			);
			path = Extensions;
			sourceTree = "<group>";
		};
		1CD08915272E60420073ACCE /* Sources */ = {
			isa = PBXGroup;
			children = (
				1CD088F2272E511D0073ACCE /* AppDelegate.swift */,
				1CD088F4272E511D0073ACCE /* SceneDelegate.swift */,
				1CD08925272E72FD0073ACCE /* Model */,
				1CD0891C272E61BA0073ACCE /* Service */,
				1CD08917272E60620073ACCE /* Controllers */,
				1CD08918272E60760073ACCE /* Views */,
				1CD08914272E60090073ACCE /* Extensions */,
			);
			path = Sources;
			sourceTree = "<group>";
		};
		1CD08916272E604B0073ACCE /* Resources */ = {
			isa = PBXGroup;
			children = (
				1CD088F8272E511D0073ACCE /* Main.storyboard */,
				1CD088FB272E511E0073ACCE /* Assets.xcassets */,
				1CD088FD272E511E0073ACCE /* LaunchScreen.storyboard */,
			);
			path = Resources;
			sourceTree = "<group>";
		};
		1CD08917272E60620073ACCE /* Controllers */ = {
			isa = PBXGroup;
			children = (
				1CD088F6272E511D0073ACCE /* BoxOfficeViewController.swift */,
			);
			path = Controllers;
			sourceTree = "<group>";
		};
		1CD08918272E60760073ACCE /* Views */ = {
			isa = PBXGroup;
			children = (
				1CD08906272E59420073ACCE /* BoxOfficeTableViewCell.swift */,
			);
			path = Views;
			sourceTree = "<group>";
		};
		1CD08919272E61430073ACCE /* Supporting Files */ = {
			isa = PBXGroup;
			children = (
				1CD08900272E511E0073ACCE /* Info.plist */,
				1CD0891A272E61560073ACCE /* APIKEY.plist */,
			);
			path = "Supporting Files";
			sourceTree = "<group>";
		};
		1CD0891C272E61BA0073ACCE /* Service */ = {
			isa = PBXGroup;
			children = (
				1CD0891F272E61FB0073ACCE /* APIService.swift */,
			);
			path = Service;
			sourceTree = "<group>";
		};
		1CD08925272E72FD0073ACCE /* Model */ = {
			isa = PBXGroup;
			children = (
				1CD08926272E73040073ACCE /* Movie.swift */,
			);
			path = Model;
			sourceTree = "<group>";
		};
/* End PBXGroup section */

/* Begin PBXNativeTarget section */
		1CD088EE272E511D0073ACCE /* FilmConcilBoxOfficeInfo */ = {
			isa = PBXNativeTarget;
			buildConfigurationList = 1CD08903272E511E0073ACCE /* Build configuration list for PBXNativeTarget "FilmConcilBoxOfficeInfo" */;
			buildPhases = (
				1CD088EB272E511D0073ACCE /* Sources */,
				1CD088EC272E511D0073ACCE /* Frameworks */,
				1CD088ED272E511D0073ACCE /* Resources */,
			);
			buildRules = (
			);
			dependencies = (
			);
			name = FilmConcilBoxOfficeInfo;
			packageProductDependencies = (
				1CD0890B272E5C5E0073ACCE /* SwiftyJSON */,
				1CD0890E272E5C690073ACCE /* Alamofire */,
				1CD08929272E82870073ACCE /* JGProgressHUD */,
				1CC3C7D22730F9D40039135A /* Realm */,
				1CC3C7D42730F9D40039135A /* RealmSwift */,
			);
			productName = FilmConcilBoxOfficeInfo;
			productReference = 1CD088EF272E511D0073ACCE /* FilmConcilBoxOfficeInfo.app */;
			productType = "com.apple.product-type.application";
		};
/* End PBXNativeTarget section */

/* Begin PBXProject section */
		1CD088E7272E511D0073ACCE /* Project object */ = {
			isa = PBXProject;
			attributes = {
				BuildIndependentTargetsInParallel = 1;
				LastSwiftUpdateCheck = 1300;
				LastUpgradeCheck = 1300;
				TargetAttributes = {
					1CD088EE272E511D0073ACCE = {
						CreatedOnToolsVersion = 13.0;
					};
				};
			};
			buildConfigurationList = 1CD088EA272E511D0073ACCE /* Build configuration list for PBXProject "FilmConcilBoxOfficeInfo" */;
			compatibilityVersion = "Xcode 13.0";
			developmentRegion = en;
			hasScannedForEncodings = 0;
			knownRegions = (
				en,
				Base,
			);
			mainGroup = 1CD088E6272E511D0073ACCE;
			packageReferences = (
				1CD0890A272E5C5E0073ACCE /* XCRemoteSwiftPackageReference "SwiftyJSON" */,
				1CD0890D272E5C690073ACCE /* XCRemoteSwiftPackageReference "Alamofire" */,
				1CD08928272E82870073ACCE /* XCRemoteSwiftPackageReference "JGProgressHUD" */,
				1CC3C7D12730F9D40039135A /* XCRemoteSwiftPackageReference "realm-cocoa" */,
			);
			productRefGroup = 1CD088F0272E511D0073ACCE /* Products */;
			projectDirPath = "";
			projectRoot = "";
			targets = (
				1CD088EE272E511D0073ACCE /* FilmConcilBoxOfficeInfo */,
			);
		};
/* End PBXProject section */

/* Begin PBXResourcesBuildPhase section */
		1CD088ED272E511D0073ACCE /* Resources */ = {
			isa = PBXResourcesBuildPhase;
			buildActionMask = 2147483647;
			files = (
				1CD088FF272E511E0073ACCE /* LaunchScreen.storyboard in Resources */,
				1CD0891B272E61560073ACCE /* APIKEY.plist in Resources */,
				1CD088FC272E511E0073ACCE /* Assets.xcassets in Resources */,
				1CD088FA272E511D0073ACCE /* Main.storyboard in Resources */,
			);
			runOnlyForDeploymentPostprocessing = 0;
		};
/* End PBXResourcesBuildPhase section */

/* Begin PBXSourcesBuildPhase section */
		1CD088EB272E511D0073ACCE /* Sources */ = {
			isa = PBXSourcesBuildPhase;
			buildActionMask = 2147483647;
			files = (
				1CD088F7272E511D0073ACCE /* BoxOfficeViewController.swift in Sources */,
				1CD088F3272E511D0073ACCE /* AppDelegate.swift in Sources */,
				1CD08927272E73040073ACCE /* Movie.swift in Sources */,
				1CD08922272E68350073ACCE /* UIAlert++Extension.swift in Sources */,
				1CD088F5272E511D0073ACCE /* SceneDelegate.swift in Sources */,
				1CD08924272E6A0B0073ACCE /* DateFormatter++Extensoin.swift in Sources */,
				1CD08909272E5AC70073ACCE /* UILabel++Designable.swift in Sources */,
				1CD08907272E59420073ACCE /* BoxOfficeTableViewCell.swift in Sources */,
				1CD08911272E5EFF0073ACCE /* TextField++Extension.swift in Sources */,
				1CD08913272E5FCB0073ACCE /* CALayer++Extension.swift in Sources */,
				1CD08920272E61FB0073ACCE /* APIService.swift in Sources */,
				1CD0891E272E61CB0073ACCE /* Bundle++Extension.swift in Sources */,
			);
			runOnlyForDeploymentPostprocessing = 0;
		};
/* End PBXSourcesBuildPhase section */

/* Begin PBXVariantGroup section */
		1CD088F8272E511D0073ACCE /* Main.storyboard */ = {
			isa = PBXVariantGroup;
			children = (
				1CD088F9272E511D0073ACCE /* Base */,
			);
			name = Main.storyboard;
			sourceTree = "<group>";
		};
		1CD088FD272E511E0073ACCE /* LaunchScreen.storyboard */ = {
			isa = PBXVariantGroup;
			children = (
				1CD088FE272E511E0073ACCE /* Base */,
			);
			name = LaunchScreen.storyboard;
			sourceTree = "<group>";
		};
/* End PBXVariantGroup section */

/* Begin XCBuildConfiguration section */
		1CD08901272E511E0073ACCE /* Debug */ = {
			isa = XCBuildConfiguration;
			buildSettings = {
				ALWAYS_SEARCH_USER_PATHS = NO;
				CLANG_ANALYZER_NONNULL = YES;
				CLANG_ANALYZER_NUMBER_OBJECT_CONVERSION = YES_AGGRESSIVE;
				CLANG_CXX_LANGUAGE_STANDARD = "gnu++17";
				CLANG_CXX_LIBRARY = "libc++";
				CLANG_ENABLE_MODULES = YES;
				CLANG_ENABLE_OBJC_ARC = YES;
				CLANG_ENABLE_OBJC_WEAK = YES;
				CLANG_WARN_BLOCK_CAPTURE_AUTORELEASING = YES;
				CLANG_WARN_BOOL_CONVERSION = YES;
				CLANG_WARN_COMMA = YES;
				CLANG_WARN_CONSTANT_CONVERSION = YES;
				CLANG_WARN_DEPRECATED_OBJC_IMPLEMENTATIONS = YES;
				CLANG_WARN_DIRECT_OBJC_ISA_USAGE = YES_ERROR;
				CLANG_WARN_DOCUMENTATION_COMMENTS = YES;
				CLANG_WARN_EMPTY_BODY = YES;
				CLANG_WARN_ENUM_CONVERSION = YES;
				CLANG_WARN_INFINITE_RECURSION = YES;
				CLANG_WARN_INT_CONVERSION = YES;
				CLANG_WARN_NON_LITERAL_NULL_CONVERSION = YES;
				CLANG_WARN_OBJC_IMPLICIT_RETAIN_SELF = YES;
				CLANG_WARN_OBJC_LITERAL_CONVERSION = YES;
				CLANG_WARN_OBJC_ROOT_CLASS = YES_ERROR;
				CLANG_WARN_QUOTED_INCLUDE_IN_FRAMEWORK_HEADER = YES;
				CLANG_WARN_RANGE_LOOP_ANALYSIS = YES;
				CLANG_WARN_STRICT_PROTOTYPES = YES;
				CLANG_WARN_SUSPICIOUS_MOVE = YES;
				CLANG_WARN_UNGUARDED_AVAILABILITY = YES_AGGRESSIVE;
				CLANG_WARN_UNREACHABLE_CODE = YES;
				CLANG_WARN__DUPLICATE_METHOD_MATCH = YES;
				COPY_PHASE_STRIP = NO;
				DEBUG_INFORMATION_FORMAT = dwarf;
				ENABLE_STRICT_OBJC_MSGSEND = YES;
				ENABLE_TESTABILITY = YES;
				GCC_C_LANGUAGE_STANDARD = gnu11;
				GCC_DYNAMIC_NO_PIC = NO;
				GCC_NO_COMMON_BLOCKS = YES;
				GCC_OPTIMIZATION_LEVEL = 0;
				GCC_PREPROCESSOR_DEFINITIONS = (
					"DEBUG=1",
					"$(inherited)",
				);
				GCC_WARN_64_TO_32_BIT_CONVERSION = YES;
				GCC_WARN_ABOUT_RETURN_TYPE = YES_ERROR;
				GCC_WARN_UNDECLARED_SELECTOR = YES;
				GCC_WARN_UNINITIALIZED_AUTOS = YES_AGGRESSIVE;
				GCC_WARN_UNUSED_FUNCTION = YES;
				GCC_WARN_UNUSED_VARIABLE = YES;
				IPHONEOS_DEPLOYMENT_TARGET = 15.0;
				MTL_ENABLE_DEBUG_INFO = INCLUDE_SOURCE;
				MTL_FAST_MATH = YES;
				ONLY_ACTIVE_ARCH = YES;
				SDKROOT = iphoneos;
				SWIFT_ACTIVE_COMPILATION_CONDITIONS = DEBUG;
				SWIFT_OPTIMIZATION_LEVEL = "-Onone";
			};
			name = Debug;
		};
		1CD08902272E511E0073ACCE /* Release */ = {
			isa = XCBuildConfiguration;
			buildSettings = {
				ALWAYS_SEARCH_USER_PATHS = NO;
				CLANG_ANALYZER_NONNULL = YES;
				CLANG_ANALYZER_NUMBER_OBJECT_CONVERSION = YES_AGGRESSIVE;
				CLANG_CXX_LANGUAGE_STANDARD = "gnu++17";
				CLANG_CXX_LIBRARY = "libc++";
				CLANG_ENABLE_MODULES = YES;
				CLANG_ENABLE_OBJC_ARC = YES;
				CLANG_ENABLE_OBJC_WEAK = YES;
				CLANG_WARN_BLOCK_CAPTURE_AUTORELEASING = YES;
				CLANG_WARN_BOOL_CONVERSION = YES;
				CLANG_WARN_COMMA = YES;
				CLANG_WARN_CONSTANT_CONVERSION = YES;
				CLANG_WARN_DEPRECATED_OBJC_IMPLEMENTATIONS = YES;
				CLANG_WARN_DIRECT_OBJC_ISA_USAGE = YES_ERROR;
				CLANG_WARN_DOCUMENTATION_COMMENTS = YES;
				CLANG_WARN_EMPTY_BODY = YES;
				CLANG_WARN_ENUM_CONVERSION = YES;
				CLANG_WARN_INFINITE_RECURSION = YES;
				CLANG_WARN_INT_CONVERSION = YES;
				CLANG_WARN_NON_LITERAL_NULL_CONVERSION = YES;
				CLANG_WARN_OBJC_IMPLICIT_RETAIN_SELF = YES;
				CLANG_WARN_OBJC_LITERAL_CONVERSION = YES;
				CLANG_WARN_OBJC_ROOT_CLASS = YES_ERROR;
				CLANG_WARN_QUOTED_INCLUDE_IN_FRAMEWORK_HEADER = YES;
				CLANG_WARN_RANGE_LOOP_ANALYSIS = YES;
				CLANG_WARN_STRICT_PROTOTYPES = YES;
				CLANG_WARN_SUSPICIOUS_MOVE = YES;
				CLANG_WARN_UNGUARDED_AVAILABILITY = YES_AGGRESSIVE;
				CLANG_WARN_UNREACHABLE_CODE = YES;
				CLANG_WARN__DUPLICATE_METHOD_MATCH = YES;
				COPY_PHASE_STRIP = NO;
				DEBUG_INFORMATION_FORMAT = "dwarf-with-dsym";
				ENABLE_NS_ASSERTIONS = NO;
				ENABLE_STRICT_OBJC_MSGSEND = YES;
				GCC_C_LANGUAGE_STANDARD = gnu11;
				GCC_NO_COMMON_BLOCKS = YES;
				GCC_WARN_64_TO_32_BIT_CONVERSION = YES;
				GCC_WARN_ABOUT_RETURN_TYPE = YES_ERROR;
				GCC_WARN_UNDECLARED_SELECTOR = YES;
				GCC_WARN_UNINITIALIZED_AUTOS = YES_AGGRESSIVE;
				GCC_WARN_UNUSED_FUNCTION = YES;
				GCC_WARN_UNUSED_VARIABLE = YES;
				IPHONEOS_DEPLOYMENT_TARGET = 15.0;
				MTL_ENABLE_DEBUG_INFO = NO;
				MTL_FAST_MATH = YES;
				SDKROOT = iphoneos;
				SWIFT_COMPILATION_MODE = wholemodule;
				SWIFT_OPTIMIZATION_LEVEL = "-O";
				VALIDATE_PRODUCT = YES;
			};
			name = Release;
		};
		1CD08904272E511E0073ACCE /* Debug */ = {
			isa = XCBuildConfiguration;
			buildSettings = {
				ASSETCATALOG_COMPILER_APPICON_NAME = AppIcon;
				ASSETCATALOG_COMPILER_GLOBAL_ACCENT_COLOR_NAME = AccentColor;
				CODE_SIGN_STYLE = Automatic;
				CURRENT_PROJECT_VERSION = 1;
				DEVELOPMENT_TEAM = 5LZNHGFB8C;
				GENERATE_INFOPLIST_FILE = YES;
				INFOPLIST_FILE = "FilmConcilBoxOfficeInfo/Supporting Files/Info.plist";
				INFOPLIST_KEY_UIApplicationSupportsIndirectInputEvents = YES;
				INFOPLIST_KEY_UILaunchStoryboardName = LaunchScreen;
				INFOPLIST_KEY_UIMainStoryboardFile = Main;
				INFOPLIST_KEY_UISupportedInterfaceOrientations_iPad = "UIInterfaceOrientationPortrait UIInterfaceOrientationPortraitUpsideDown UIInterfaceOrientationLandscapeLeft UIInterfaceOrientationLandscapeRight";
				INFOPLIST_KEY_UISupportedInterfaceOrientations_iPhone = "UIInterfaceOrientationPortrait UIInterfaceOrientationLandscapeLeft UIInterfaceOrientationLandscapeRight";
				LD_RUNPATH_SEARCH_PATHS = (
					"$(inherited)",
					"@executable_path/Frameworks",
				);
				MARKETING_VERSION = 1.0;
				PRODUCT_BUNDLE_IDENTIFIER = heyziin.FilmConcilBoxOfficeInfo;
				PRODUCT_NAME = "$(TARGET_NAME)";
				SWIFT_EMIT_LOC_STRINGS = YES;
				SWIFT_VERSION = 5.0;
				TARGETED_DEVICE_FAMILY = "1,2";
			};
			name = Debug;
		};
		1CD08905272E511E0073ACCE /* Release */ = {
			isa = XCBuildConfiguration;
			buildSettings = {
				ASSETCATALOG_COMPILER_APPICON_NAME = AppIcon;
				ASSETCATALOG_COMPILER_GLOBAL_ACCENT_COLOR_NAME = AccentColor;
				CODE_SIGN_STYLE = Automatic;
				CURRENT_PROJECT_VERSION = 1;
				DEVELOPMENT_TEAM = 5LZNHGFB8C;
				GENERATE_INFOPLIST_FILE = YES;
				INFOPLIST_FILE = "FilmConcilBoxOfficeInfo/Supporting Files/Info.plist";
				INFOPLIST_KEY_UIApplicationSupportsIndirectInputEvents = YES;
				INFOPLIST_KEY_UILaunchStoryboardName = LaunchScreen;
				INFOPLIST_KEY_UIMainStoryboardFile = Main;
				INFOPLIST_KEY_UISupportedInterfaceOrientations_iPad = "UIInterfaceOrientationPortrait UIInterfaceOrientationPortraitUpsideDown UIInterfaceOrientationLandscapeLeft UIInterfaceOrientationLandscapeRight";
				INFOPLIST_KEY_UISupportedInterfaceOrientations_iPhone = "UIInterfaceOrientationPortrait UIInterfaceOrientationLandscapeLeft UIInterfaceOrientationLandscapeRight";
				LD_RUNPATH_SEARCH_PATHS = (
					"$(inherited)",
					"@executable_path/Frameworks",
				);
				MARKETING_VERSION = 1.0;
				PRODUCT_BUNDLE_IDENTIFIER = heyziin.FilmConcilBoxOfficeInfo;
				PRODUCT_NAME = "$(TARGET_NAME)";
				SWIFT_EMIT_LOC_STRINGS = YES;
				SWIFT_VERSION = 5.0;
				TARGETED_DEVICE_FAMILY = "1,2";
			};
			name = Release;
		};
/* End XCBuildConfiguration section */

/* Begin XCConfigurationList section */
		1CD088EA272E511D0073ACCE /* Build configuration list for PBXProject "FilmConcilBoxOfficeInfo" */ = {
			isa = XCConfigurationList;
			buildConfigurations = (
				1CD08901272E511E0073ACCE /* Debug */,
				1CD08902272E511E0073ACCE /* Release */,
			);
			defaultConfigurationIsVisible = 0;
			defaultConfigurationName = Release;
		};
		1CD08903272E511E0073ACCE /* Build configuration list for PBXNativeTarget "FilmConcilBoxOfficeInfo" */ = {
			isa = XCConfigurationList;
			buildConfigurations = (
				1CD08904272E511E0073ACCE /* Debug */,
				1CD08905272E511E0073ACCE /* Release */,
			);
			defaultConfigurationIsVisible = 0;
			defaultConfigurationName = Release;
		};
/* End XCConfigurationList section */

/* Begin XCRemoteSwiftPackageReference section */
		1CC3C7D12730F9D40039135A /* XCRemoteSwiftPackageReference "realm-cocoa" */ = {
			isa = XCRemoteSwiftPackageReference;
			repositoryURL = "https://github.com/realm/realm-cocoa.git";
			requirement = {
				kind = exactVersion;
				version = 10.18.0;
			};
		};
		1CD0890A272E5C5E0073ACCE /* XCRemoteSwiftPackageReference "SwiftyJSON" */ = {
			isa = XCRemoteSwiftPackageReference;
			repositoryURL = "https://github.com/SwiftyJSON/SwiftyJSON";
			requirement = {
				kind = exactVersion;
				version = 5.0.0;
			};
		};
		1CD0890D272E5C690073ACCE /* XCRemoteSwiftPackageReference "Alamofire" */ = {
			isa = XCRemoteSwiftPackageReference;
			repositoryURL = "https://github.com/Alamofire/Alamofire";
			requirement = {
				branch = master;
				kind = branch;
			};
		};
		1CD08928272E82870073ACCE /* XCRemoteSwiftPackageReference "JGProgressHUD" */ = {
			isa = XCRemoteSwiftPackageReference;
			repositoryURL = "https://github.com/JonasGessner/JGProgressHUD";
			requirement = {
				kind = upToNextMajorVersion;
				minimumVersion = 2.0.0;
			};
		};
/* End XCRemoteSwiftPackageReference section */

/* Begin XCSwiftPackageProductDependency section */
		1CC3C7D22730F9D40039135A /* Realm */ = {
			isa = XCSwiftPackageProductDependency;
			package = 1CC3C7D12730F9D40039135A /* XCRemoteSwiftPackageReference "realm-cocoa" */;
			productName = Realm;
		};
		1CC3C7D42730F9D40039135A /* RealmSwift */ = {
			isa = XCSwiftPackageProductDependency;
			package = 1CC3C7D12730F9D40039135A /* XCRemoteSwiftPackageReference "realm-cocoa" */;
			productName = RealmSwift;
		};
		1CD0890B272E5C5E0073ACCE /* SwiftyJSON */ = {
			isa = XCSwiftPackageProductDependency;
			package = 1CD0890A272E5C5E0073ACCE /* XCRemoteSwiftPackageReference "SwiftyJSON" */;
			productName = SwiftyJSON;
		};
		1CD0890E272E5C690073ACCE /* Alamofire */ = {
			isa = XCSwiftPackageProductDependency;
			package = 1CD0890D272E5C690073ACCE /* XCRemoteSwiftPackageReference "Alamofire" */;
			productName = Alamofire;
		};
		1CD08929272E82870073ACCE /* JGProgressHUD */ = {
			isa = XCSwiftPackageProductDependency;
			package = 1CD08928272E82870073ACCE /* XCRemoteSwiftPackageReference "JGProgressHUD" */;
			productName = JGProgressHUD;
		};
/* End XCSwiftPackageProductDependency section */
	};
	rootObject = 1CD088E7272E511D0073ACCE /* Project object */;
}
